
Microsoft Visual Studio Solution File, Format Version 12.00
# Visual Studio Version 17
VisualStudioVersion = 17.9.34607.119
MinimumVisualStudioVersion = 10.0.40219.1
Project("{9A19103F-16F7-4668-BE54-9A1E7A4F7556}") = "Northwind.Common.EntityModels.sqlServer", "Northwind.Common.EntityModels.sqlServer.csproj", "{6A0419C1-F720-42B6-B6AC-5D11815968D7}"
EndProject
Project("{9A19103F-16F7-4668-BE54-9A1E7A4F7556}") = "Northwind.Common.DataContext.sqlServer", "..\Northwind.Common.DataContext.sqlServer\Northwind.Common.DataContext.sqlServer.csproj", "{8B25543A-AEF0-4EDA-9151-1891673AE51D}"
EndProject
Project("{9A19103F-16F7-4668-BE54-9A1E7A4F7556}") = "Northwind.Webb", "..\Northwind.Webb\Northwind.Webb.csproj", "{EF1DD704-9E6A-4480-9058-8ADF36790075}"
EndProject
Global
	GlobalSection(SolutionConfigurationPlatforms) = preSolution
		Debug|Any CPU = Debug|Any CPU
		Release|Any CPU = Release|Any CPU
	EndGlobalSection
	GlobalSection(ProjectConfigurationPlatforms) = postSolution
		{6A0419C1-F720-42B6-B6AC-5D11815968D7}.Debug|Any CPU.ActiveCfg = Debug|Any CPU
		{6A0419C1-F720-42B6-B6AC-5D11815968D7}.Debug|Any CPU.Build.0 = Debug|Any CPU
		{6A0419C1-F720-42B6-B6AC-5D11815968D7}.Release|Any CPU.ActiveCfg = Release|Any CPU
		{6A0419C1-F720-42B6-B6AC-5D11815968D7}.Release|Any CPU.Build.0 = Release|Any CPU
		{8B25543A-AEF0-4EDA-9151-1891673AE51D}.Debug|Any CPU.ActiveCfg = Debug|Any CPU
		{8B25543A-AEF0-4EDA-9151-1891673AE51D}.Debug|Any CPU.Build.0 = Debug|Any CPU
		{8B25543A-AEF0-4EDA-9151-1891673AE51D}.Release|Any CPU.ActiveCfg = Release|Any CPU
		{8B25543A-AEF0-4EDA-9151-1891673AE51D}.Release|Any CPU.Build.0 = Release|Any CPU
		{EF1DD704-9E6A-4480-9058-8ADF36790075}.Debug|Any CPU.ActiveCfg = Debug|Any CPU
		{EF1DD704-9E6A-4480-9058-8ADF36790075}.Debug|Any CPU.Build.0 = Debug|Any CPU
		{EF1DD704-9E6A-4480-9058-8ADF36790075}.Release|Any CPU.ActiveCfg = Release|Any CPU
		{EF1DD704-9E6A-4480-9058-8ADF36790075}.Release|Any CPU.Build.0 = Release|Any CPU
	EndGlobalSection
	GlobalSection(SolutionProperties) = preSolution
		HideSolutionNode = FALSE
	EndGlobalSection
	GlobalSection(ExtensibilityGlobals) = postSolution
		SolutionGuid = {06D506A0-F3D0-4BA0-8096-824BDA28AFAC}
	EndGlobalSection
EndGlobal
